
Microsoft Visual Studio Solution File, Format Version 12.00
# Visual Studio Version 17
VisualStudioVersion = 17.0.31919.166
MinimumVisualStudioVersion = 10.0.40219.1
Project("{FAE04EC0-301F-11D3-BF4B-00C04F79EFBC}") = "ImportacaoClientes", "ImportacaoClientes\ImportacaoClientes.csproj", "{F011D4A8-90E7-4AB0-909A-FA2935344BA1}"
EndProject
Global
	GlobalSection(SolutionConfigurationPlatforms) = preSolution
		Debug|Any CPU = Debug|Any CPU
		Release|Any CPU = Release|Any CPU
	EndGlobalSection
	GlobalSection(ProjectConfigurationPlatforms) = postSolution
		{F011D4A8-90E7-4AB0-909A-FA2935344BA1}.Debug|Any CPU.ActiveCfg = Debug|Any CPU
		{F011D4A8-90E7-4AB0-909A-FA2935344BA1}.Debug|Any CPU.Build.0 = Debug|Any CPU
		{F011D4A8-90E7-4AB0-909A-FA2935344BA1}.Release|Any CPU.ActiveCfg = Release|Any CPU
		{F011D4A8-90E7-4AB0-909A-FA2935344BA1}.Release|Any CPU.Build.0 = Release|Any CPU
	EndGlobalSection
	GlobalSection(SolutionProperties) = preSolution
		HideSolutionNode = FALSE
	EndGlobalSection
	GlobalSection(ExtensibilityGlobals) = postSolution
		SolutionGuid = {70DD8248-D58B-41AA-B0A7-6D143B42BFDF}
	EndGlobalSection
EndGlobal
